lock_version = 2
manifest_checksum = "2ad52173851f608d410651b49bc4f5e21411b01832c88eaeb568889c368a6766"
target = "aarch64-apple-darwin"
generator = "1.1.12"

[root_dependencies]
yanxu-http = "yanxu-http@1.0.0#17696d671b00-fb51be37d161486e"
"言页" = "言页@1.0.0#99332c12d990-c4335ec2dc93fb71"

[root_dev_dependencies]

[[package]]
id = "yanxu-http@1.0.0#17696d671b00-fb51be37d161486e"
name = "yanxu-http"
version = "1.0.0"
source = "git:https://github.com/yanxulang/yanxu-http.git"
revision = "07642984f9de2378c77894168076ca47eac240e5"
checksum = "fb51be37d161486ec777dcb76a3042e721561bdc845459742d397b8ece5c1b4e"
entry = "src/言序HTTP.yx"
target = "aarch64-apple-darwin"
minimum_yanxu = ">=1.1.6"

[package.dependencies]

[package.exports]
"默认" = "src/言序HTTP.yx"

[[package]]
id = "言页@1.0.0#99332c12d990-c4335ec2dc93fb71"
name = "言页"
version = "1.0.0"
source = "git:https://github.com/yanxulang/yanxu-html.git"
revision = "5d1481cf5f0c9b3c03a34c5d3d88d9dcd55386fa"
checksum = "c4335ec2dc93fb71617795c959a2a06c9b01e1c1734e0f3eee2ba141f5b07d4d"
entry = "src/言序HTML.yx"
target = "aarch64-apple-darwin"
minimum_yanxu = ">=1.1.12"

[package.dependencies]

[package.exports]
"默认" = "src/言序HTML.yx"
