lock_version = 1
manifest_checksum = "81cace531843377f09ce33bb94106769a29ff73a1f8ef9fb0a92e80affd38d26"

[[package]]
name = "yanxu-html"
version = "0.1.0"
source = "git:https://github.com/yanxulang/yanxu-html.git"
revision = "e55ccb3284f8382b133a29c4a505d2aa3835a828"
checksum = "95b4ed9d20167acff64d0738f48370ad630315d673e8a5314e9be3323addc150"
entry = "src/言序HTML.yx"

[[package]]
name = "yanxu-http"
version = "0.1.0"
source = "git:https://github.com/yanxulang/yanxu-http.git"
revision = "aa0ca6a8443833cf3317be8a1708bff31c6e91d0"
checksum = "78cafbc41bc7fb6302073a27ae6ca0318229da702009dff77b375383a11be122"
entry = "src/言序HTTP.yx"
