lock_version = 2
manifest_checksum = "b62dac65dc9be053cbc642f24f643ed1a32462f9ca3a97881256ce23425526bd"
target = "aarch64-apple-darwin"
generator = "1.1.12"

[root_dependencies]
yanxu-web = "yanxu-web@1.0.0#a5b4b144f221-b67056ced8870c82"
"言据" = "言据@1.2.0#9f376cc5bbdb-def74ca3b32fd504"

[root_dev_dependencies]

[[package]]
id = "yanxu-http@1.0.0#17696d671b00-fb51be37d161486e"
name = "yanxu-http"
version = "1.0.0"
source = "git:https://github.com/yanxulang/yanxu-http.git"
revision = "07642984f9de2378c77894168076ca47eac240e5"
checksum = "fb51be37d161486ec777dcb76a3042e721561bdc845459742d397b8ece5c1b4e"
entry = "src/言序HTTP.yx"
target = "aarch64-apple-darwin"
minimum_yanxu = ">=1.1.6"

[package.dependencies]

[package.exports]
"默认" = "src/言序HTTP.yx"

[[package]]
id = "yanxu-web@1.0.0#a5b4b144f221-b67056ced8870c82"
name = "yanxu-web"
version = "1.0.0"
source = "path:.."
checksum = "b67056ced8870c827c2ec6b1686452ff966c87ffda97873fbdd7273bdcf680fc"
entry = "src/言序Web.yx"
target = "aarch64-apple-darwin"
minimum_yanxu = ">=1.1.12"

[package.dependencies]
yanxu-http = "yanxu-http@1.0.0#17696d671b00-fb51be37d161486e"
"言据" = "言据@1.2.0#9f376cc5bbdb-def74ca3b32fd504"
"言访" = "言访@1.0.0#15e56e584494-260517f98c8b7269"
"言页" = "言页@1.0.0#99332c12d990-c4335ec2dc93fb71"

[package.exports]
"言标" = "src/言标.yx"
"言访测试" = "src/言访测试.yx"
"默认" = "src/言序Web.yx"

[[package]]
id = "言录@1.0.0#4aa44851d793-c54abeddd65b8ba4"
name = "言录"
version = "1.0.0"
source = "git:https://github.com/yanxulang/yanxu-log.git"
revision = "6922c55e52b6c18f0c676519f022bc980905b9a6"
checksum = "c54abeddd65b8ba4c3ffe45e3715683d5a3939390344d02c37f7e6fa88dae73e"
entry = "src/言录.yx"
target = "aarch64-apple-darwin"
minimum_yanxu = ">=1.1.6"

[package.dependencies]
"言据" = "言据@1.2.0#9f376cc5bbdb-def74ca3b32fd504"

[package.exports]
"默认" = "src/言录.yx"

[[package]]
id = "言据@1.2.0#9f376cc5bbdb-def74ca3b32fd504"
name = "言据"
version = "1.2.0"
source = "git:https://github.com/yanxulang/yanju.git"
revision = "8d5c206982325ae8ff9a258c87368f308bcd393a"
checksum = "def74ca3b32fd5040bccce9ecd79fb139ce290a4e65a1def1f8b8deb3ae4732d"
entry = "src/言据.yx"
target = "aarch64-apple-darwin"
minimum_yanxu = ">=1.1.6"

[package.dependencies]

[package.exports]
"默认" = "src/言据.yx"

[[package]]
id = "言访@1.0.0#15e56e584494-260517f98c8b7269"
name = "言访"
version = "1.0.0"
source = "git:https://github.com/yanxulang/yanxu-request.git"
revision = "74437f3bf9e317f8804ac9ba6a490a2f74360d33"
checksum = "260517f98c8b726960683ee1644b9e8552909c80879f4fd2431013c095418123"
entry = "src/言访.yx"
target = "aarch64-apple-darwin"
minimum_yanxu = ">=1.1.11"

[package.dependencies]
"言录" = "言录@1.0.0#4aa44851d793-c54abeddd65b8ba4"
"言据" = "言据@1.2.0#9f376cc5bbdb-def74ca3b32fd504"
"言韧" = "言韧@1.0.0#283420c6a05e-cd0ac68482a8e8e4"

[package.exports]
"默认" = "src/言访.yx"

[[package]]
id = "言韧@1.0.0#283420c6a05e-cd0ac68482a8e8e4"
name = "言韧"
version = "1.0.0"
source = "git:https://github.com/yanxulang/yanxu-retry.git"
revision = "48c77a650a9a22a790e38be28b2d08ad7fc89128"
checksum = "cd0ac68482a8e8e4698699fd7a2f8d9e95226b1c6aec664220d690413d84bb65"
entry = "src/言韧.yx"
target = "aarch64-apple-darwin"
minimum_yanxu = ">=1.1.6"

[package.dependencies]

[package.exports]
"默认" = "src/言韧.yx"

[[package]]
id = "言页@1.0.0#99332c12d990-c4335ec2dc93fb71"
name = "言页"
version = "1.0.0"
source = "git:https://github.com/yanxulang/yanxu-html.git"
revision = "5d1481cf5f0c9b3c03a34c5d3d88d9dcd55386fa"
checksum = "c4335ec2dc93fb71617795c959a2a06c9b01e1c1734e0f3eee2ba141f5b07d4d"
entry = "src/言序HTML.yx"
target = "aarch64-apple-darwin"
minimum_yanxu = ">=1.1.12"

[package.dependencies]

[package.exports]
"默认" = "src/言序HTML.yx"
